
Microsoft Visual Studio Solution File, Format Version 12.00
# Visual Studio Version 17
VisualStudioVersion = 17.4.33213.308
MinimumVisualStudioVersion = 10.0.40219.1
Project("{9A19103F-16F7-4668-BE54-9A1E7A4F7556}") = "SumOf3", "SumOf3\SumOf3.csproj", "{056BF22D-CA19-4F39-8520-0DE50EA3DEB0}"
EndProject
Project("{9A19103F-16F7-4668-BE54-9A1E7A4F7556}") = "Conditional_CoinToss", "Conditional_CoinToss\Conditional_CoinToss.csproj", "{960DCDF9-C4D6-4801-B5A4-28E2CF3DCA55}"
EndProject
Project("{9A19103F-16F7-4668-BE54-9A1E7A4F7556}") = "Loops-BankAccountInfo", "Loops-BankAccountInfo\Loops-BankAccountInfo.csproj", "{24B57072-F1B3-4B89-B2DD-9E5F462880A9}"
EndProject
Project("{9A19103F-16F7-4668-BE54-9A1E7A4F7556}") = "StringManipulation", "StringManipulation\StringManipulation.csproj", "{7E8A709C-7E13-4D6F-8DD6-B502C3ECE91B}"
EndProject
Project("{9A19103F-16F7-4668-BE54-9A1E7A4F7556}") = "Module2Comprehensive", "Module2Comprehensive\Module2Comprehensive.csproj", "{783C1636-0BCA-48FC-BB7A-BFCA2C1FB0D6}"
EndProject
Project("{9A19103F-16F7-4668-BE54-9A1E7A4F7556}") = "Functions-Speak", "Functions-Speak\Functions-Speak.csproj", "{3307E8FF-886B-4BCC-A6CB-C6437D23DCBC}"
EndProject
Project("{9A19103F-16F7-4668-BE54-9A1E7A4F7556}") = "Functions-ParallelArrays", "Functions-ParallelArrays\Functions-ParallelArrays.csproj", "{B68D812E-FC2B-49A0-91B7-11BBEA40D9E2}"
EndProject
Project("{9A19103F-16F7-4668-BE54-9A1E7A4F7556}") = "Function-DoubleInputValidation", "Function-DoubleInputValidation\Function-DoubleInputValidation.csproj", "{9C79F1E9-4FBC-4BE4-B87B-A3B1CCE8BA7D}"
EndProject
Project("{9A19103F-16F7-4668-BE54-9A1E7A4F7556}") = "Classes_Toy", "Classes_Toy\Classes_Toy.csproj", "{81597F77-B99A-4420-850A-6224B86C86F9}"
EndProject
Project("{9A19103F-16F7-4668-BE54-9A1E7A4F7556}") = "Classes_Cereal", "Classes_Cereal\Classes_Cereal.csproj", "{64EB9872-E3AD-4F5F-AEB6-7B81F9DD8FA3}"
EndProject
Project("{FAE04EC0-301F-11D3-BF4B-00C04F79EFBC}") = "Classes_Cars", "Classes_Cars\Classes_Cars.csproj", "{6D2FF0B1-3CEF-4CFF-BAEF-EC4C0A52E026}"
EndProject
Project("{FAE04EC0-301F-11D3-BF4B-00C04F79EFBC}") = "Classes_Pharmaceutical_Drugs", "Classes_Pharmaceutical_Drugs\Classes_Pharmaceutical_Drugs.csproj", "{53D956AF-833F-4BF5-AFC4-A79981EBD164}"
EndProject
Global
	GlobalSection(SolutionConfigurationPlatforms) = preSolution
		Debug|Any CPU = Debug|Any CPU
		Release|Any CPU = Release|Any CPU
	EndGlobalSection
	GlobalSection(ProjectConfigurationPlatforms) = postSolution
		{056BF22D-CA19-4F39-8520-0DE50EA3DEB0}.Debug|Any CPU.ActiveCfg = Debug|Any CPU
		{056BF22D-CA19-4F39-8520-0DE50EA3DEB0}.Debug|Any CPU.Build.0 = Debug|Any CPU
		{056BF22D-CA19-4F39-8520-0DE50EA3DEB0}.Release|Any CPU.ActiveCfg = Release|Any CPU
		{056BF22D-CA19-4F39-8520-0DE50EA3DEB0}.Release|Any CPU.Build.0 = Release|Any CPU
		{960DCDF9-C4D6-4801-B5A4-28E2CF3DCA55}.Debug|Any CPU.ActiveCfg = Debug|Any CPU
		{960DCDF9-C4D6-4801-B5A4-28E2CF3DCA55}.Debug|Any CPU.Build.0 = Debug|Any CPU
		{960DCDF9-C4D6-4801-B5A4-28E2CF3DCA55}.Release|Any CPU.ActiveCfg = Release|Any CPU
		{960DCDF9-C4D6-4801-B5A4-28E2CF3DCA55}.Release|Any CPU.Build.0 = Release|Any CPU
		{24B57072-F1B3-4B89-B2DD-9E5F462880A9}.Debug|Any CPU.ActiveCfg = Debug|Any CPU
		{24B57072-F1B3-4B89-B2DD-9E5F462880A9}.Debug|Any CPU.Build.0 = Debug|Any CPU
		{24B57072-F1B3-4B89-B2DD-9E5F462880A9}.Release|Any CPU.ActiveCfg = Release|Any CPU
		{24B57072-F1B3-4B89-B2DD-9E5F462880A9}.Release|Any CPU.Build.0 = Release|Any CPU
		{7E8A709C-7E13-4D6F-8DD6-B502C3ECE91B}.Debug|Any CPU.ActiveCfg = Debug|Any CPU
		{7E8A709C-7E13-4D6F-8DD6-B502C3ECE91B}.Debug|Any CPU.Build.0 = Debug|Any CPU
		{7E8A709C-7E13-4D6F-8DD6-B502C3ECE91B}.Release|Any CPU.ActiveCfg = Release|Any CPU
		{7E8A709C-7E13-4D6F-8DD6-B502C3ECE91B}.Release|Any CPU.Build.0 = Release|Any CPU
		{783C1636-0BCA-48FC-BB7A-BFCA2C1FB0D6}.Debug|Any CPU.ActiveCfg = Debug|Any CPU
		{783C1636-0BCA-48FC-BB7A-BFCA2C1FB0D6}.Debug|Any CPU.Build.0 = Debug|Any CPU
		{783C1636-0BCA-48FC-BB7A-BFCA2C1FB0D6}.Release|Any CPU.ActiveCfg = Release|Any CPU
		{783C1636-0BCA-48FC-BB7A-BFCA2C1FB0D6}.Release|Any CPU.Build.0 = Release|Any CPU
		{3307E8FF-886B-4BCC-A6CB-C6437D23DCBC}.Debug|Any CPU.ActiveCfg = Debug|Any CPU
		{3307E8FF-886B-4BCC-A6CB-C6437D23DCBC}.Debug|Any CPU.Build.0 = Debug|Any CPU
		{3307E8FF-886B-4BCC-A6CB-C6437D23DCBC}.Release|Any CPU.ActiveCfg = Release|Any CPU
		{3307E8FF-886B-4BCC-A6CB-C6437D23DCBC}.Release|Any CPU.Build.0 = Release|Any CPU
		{B68D812E-FC2B-49A0-91B7-11BBEA40D9E2}.Debug|Any CPU.ActiveCfg = Debug|Any CPU
		{B68D812E-FC2B-49A0-91B7-11BBEA40D9E2}.Debug|Any CPU.Build.0 = Debug|Any CPU
		{B68D812E-FC2B-49A0-91B7-11BBEA40D9E2}.Release|Any CPU.ActiveCfg = Release|Any CPU
		{B68D812E-FC2B-49A0-91B7-11BBEA40D9E2}.Release|Any CPU.Build.0 = Release|Any CPU
		{9C79F1E9-4FBC-4BE4-B87B-A3B1CCE8BA7D}.Debug|Any CPU.ActiveCfg = Debug|Any CPU
		{9C79F1E9-4FBC-4BE4-B87B-A3B1CCE8BA7D}.Debug|Any CPU.Build.0 = Debug|Any CPU
		{9C79F1E9-4FBC-4BE4-B87B-A3B1CCE8BA7D}.Release|Any CPU.ActiveCfg = Release|Any CPU
		{9C79F1E9-4FBC-4BE4-B87B-A3B1CCE8BA7D}.Release|Any CPU.Build.0 = Release|Any CPU
		{81597F77-B99A-4420-850A-6224B86C86F9}.Debug|Any CPU.ActiveCfg = Debug|Any CPU
		{81597F77-B99A-4420-850A-6224B86C86F9}.Debug|Any CPU.Build.0 = Debug|Any CPU
		{81597F77-B99A-4420-850A-6224B86C86F9}.Release|Any CPU.ActiveCfg = Release|Any CPU
		{81597F77-B99A-4420-850A-6224B86C86F9}.Release|Any CPU.Build.0 = Release|Any CPU
		{64EB9872-E3AD-4F5F-AEB6-7B81F9DD8FA3}.Debug|Any CPU.ActiveCfg = Debug|Any CPU
		{64EB9872-E3AD-4F5F-AEB6-7B81F9DD8FA3}.Debug|Any CPU.Build.0 = Debug|Any CPU
		{64EB9872-E3AD-4F5F-AEB6-7B81F9DD8FA3}.Release|Any CPU.ActiveCfg = Release|Any CPU
		{64EB9872-E3AD-4F5F-AEB6-7B81F9DD8FA3}.Release|Any CPU.Build.0 = Release|Any CPU
		{6D2FF0B1-3CEF-4CFF-BAEF-EC4C0A52E026}.Debug|Any CPU.ActiveCfg = Debug|Any CPU
		{6D2FF0B1-3CEF-4CFF-BAEF-EC4C0A52E026}.Debug|Any CPU.Build.0 = Debug|Any CPU
		{6D2FF0B1-3CEF-4CFF-BAEF-EC4C0A52E026}.Release|Any CPU.ActiveCfg = Release|Any CPU
		{6D2FF0B1-3CEF-4CFF-BAEF-EC4C0A52E026}.Release|Any CPU.Build.0 = Release|Any CPU
		{53D956AF-833F-4BF5-AFC4-A79981EBD164}.Debug|Any CPU.ActiveCfg = Debug|Any CPU
		{53D956AF-833F-4BF5-AFC4-A79981EBD164}.Debug|Any CPU.Build.0 = Debug|Any CPU
		{53D956AF-833F-4BF5-AFC4-A79981EBD164}.Release|Any CPU.ActiveCfg = Release|Any CPU
		{53D956AF-833F-4BF5-AFC4-A79981EBD164}.Release|Any CPU.Build.0 = Release|Any CPU
	EndGlobalSection
	GlobalSection(SolutionProperties) = preSolution
		HideSolutionNode = FALSE
	EndGlobalSection
	GlobalSection(ExtensibilityGlobals) = postSolution
		SolutionGuid = {58106EA6-3CCC-4293-8FDA-3A7CF42B5BE5}
	EndGlobalSection
EndGlobal
