
Microsoft Visual Studio Solution File, Format Version 12.00
# Visual Studio Version 17
VisualStudioVersion = 17.4.33213.308
MinimumVisualStudioVersion = 10.0.40219.1
Project("{FAE04EC0-301F-11D3-BF4B-00C04F79EFBC}") = "Variables", "Variables\Variables.csproj", "{EC050375-2A12-45F1-9DE3-256BE14F6950}"
EndProject
Global
	GlobalSection(SolutionConfigurationPlatforms) = preSolution
		Debug|Any CPU = Debug|Any CPU
		Release|Any CPU = Release|Any CPU
	EndGlobalSection
	GlobalSection(ProjectConfigurationPlatforms) = postSolution
		{EC050375-2A12-45F1-9DE3-256BE14F6950}.Debug|Any CPU.ActiveCfg = Debug|Any CPU
		{EC050375-2A12-45F1-9DE3-256BE14F6950}.Debug|Any CPU.Build.0 = Debug|Any CPU
		{EC050375-2A12-45F1-9DE3-256BE14F6950}.Release|Any CPU.ActiveCfg = Release|Any CPU
		{EC050375-2A12-45F1-9DE3-256BE14F6950}.Release|Any CPU.Build.0 = Release|Any CPU
	EndGlobalSection
	GlobalSection(SolutionProperties) = preSolution
		HideSolutionNode = FALSE
	EndGlobalSection
	GlobalSection(ExtensibilityGlobals) = postSolution
		SolutionGuid = {7CA825ED-CD30-4933-A19D-80E9D885BBEA}
	EndGlobalSection
EndGlobal
